
Microsoft Visual Studio Solution File, Format Version 12.00
Project("{FAE04EC0-301F-11D3-BF4B-00C04F79EFBC}") = "MovieShop.MVC", "MovieShop.MVC\MovieShop.MVC.csproj", "{7A5B8E7F-C5A5-4D39-B094-777CB36C4B08}"
EndProject
Project("{FAE04EC0-301F-11D3-BF4B-00C04F79EFBC}") = "MovieShop.Core", "MovieShop.Core\MovieShop.Core.csproj", "{DE1F43C4-2C2D-4162-9286-10AD1705EB9C}"
EndProject
Project("{FAE04EC0-301F-11D3-BF4B-00C04F79EFBC}") = "MovieShop.Infra", "MovieShop.Infra\MovieShop.Infra.csproj", "{C87D1FE5-949A-4838-A827-659DFCDC642C}"
EndProject
Project("{FAE04EC0-301F-11D3-BF4B-00C04F79EFBC}") = "MovieShop.Services", "MovieShop.Services\MovieShop.Services.csproj", "{0818EC02-4340-46CB-83F3-68EADD8BE54B}"
EndProject
Project("{2150E333-8FDC-42A3-9474-1A3956D46DE8}") = ".github/workflows", ".github/workflows", "{BD4E4875-F114-42E6-991A-95EBBD24A2E6}"
	ProjectSection(SolutionItems) = preProject
		build-and-deploy.yml = build-and-deploy.yml
	EndProjectSection
EndProject
Global
	GlobalSection(SolutionConfigurationPlatforms) = preSolution
		Debug|Any CPU = Debug|Any CPU
		Release|Any CPU = Release|Any CPU
	EndGlobalSection
	GlobalSection(ProjectConfigurationPlatforms) = postSolution
		{7A5B8E7F-C5A5-4D39-B094-777CB36C4B08}.Debug|Any CPU.ActiveCfg = Debug|Any CPU
		{7A5B8E7F-C5A5-4D39-B094-777CB36C4B08}.Debug|Any CPU.Build.0 = Debug|Any CPU
		{7A5B8E7F-C5A5-4D39-B094-777CB36C4B08}.Release|Any CPU.ActiveCfg = Release|Any CPU
		{7A5B8E7F-C5A5-4D39-B094-777CB36C4B08}.Release|Any CPU.Build.0 = Release|Any CPU
		{DE1F43C4-2C2D-4162-9286-10AD1705EB9C}.Debug|Any CPU.ActiveCfg = Debug|Any CPU
		{DE1F43C4-2C2D-4162-9286-10AD1705EB9C}.Debug|Any CPU.Build.0 = Debug|Any CPU
		{DE1F43C4-2C2D-4162-9286-10AD1705EB9C}.Release|Any CPU.ActiveCfg = Release|Any CPU
		{DE1F43C4-2C2D-4162-9286-10AD1705EB9C}.Release|Any CPU.Build.0 = Release|Any CPU
		{C87D1FE5-949A-4838-A827-659DFCDC642C}.Debug|Any CPU.ActiveCfg = Debug|Any CPU
		{C87D1FE5-949A-4838-A827-659DFCDC642C}.Debug|Any CPU.Build.0 = Debug|Any CPU
		{C87D1FE5-949A-4838-A827-659DFCDC642C}.Release|Any CPU.ActiveCfg = Release|Any CPU
		{C87D1FE5-949A-4838-A827-659DFCDC642C}.Release|Any CPU.Build.0 = Release|Any CPU
		{0818EC02-4340-46CB-83F3-68EADD8BE54B}.Debug|Any CPU.ActiveCfg = Debug|Any CPU
		{0818EC02-4340-46CB-83F3-68EADD8BE54B}.Debug|Any CPU.Build.0 = Debug|Any CPU
		{0818EC02-4340-46CB-83F3-68EADD8BE54B}.Release|Any CPU.ActiveCfg = Release|Any CPU
		{0818EC02-4340-46CB-83F3-68EADD8BE54B}.Release|Any CPU.Build.0 = Release|Any CPU
	EndGlobalSection
EndGlobal
